// !$*UTF8*$!
{
	archiveVersion = 1;
	classes = {
	};
	objectVersion = 46;
	objects = {

/* Begin PBXBuildFile section */
		EF24572C14DC680300F13F52 /* libmathomatic_iphonesimulator.a in Frameworks */ = {isa = PBXBuildFile; fileRef = EF24572A14DC680300F13F52 /* libmathomatic_iphonesimulator.a */; };
		EF24572D14DC680300F13F52 /* libmathomatic_iphone.a in Frameworks */ = {isa = PBXBuildFile; fileRef = EF24572B14DC680300F13F52 /* libmathomatic_iphone.a */; };
		EF24EAFC14CA04DF00EC7EB8 /* MathOperation.m in Sources */ = {isa = PBXBuildFile; fileRef = EF24EAFB14CA04DF00EC7EB8 /* MathOperation.m */; };
		EF57ADB314E227E30011F001 /* CASEntryTableViewController.m in Sources */ = {isa = PBXBuildFile; fileRef = EF57ADB114E227E30011F001 /* CASEntryTableViewController.m */; };
		EF57ADB414E227E30011F001 /* CASEntryTableViewController.xib in Resources */ = {isa = PBXBuildFile; fileRef = EF57ADB214E227E30011F001 /* CASEntryTableViewController.xib */; };
		EF57ADB814E229E60011F001 /* UIColor+Hex.m in Sources */ = {isa = PBXBuildFile; fileRef = EF57ADB714E229E60011F001 /* UIColor+Hex.m */; };
		EF57ADC814E22E550011F001 /* IIViewDeckController.m in Sources */ = {isa = PBXBuildFile; fileRef = EF57ADC514E22E550011F001 /* IIViewDeckController.m */; };
		EF57ADC914E22E550011F001 /* WrappedController.m in Sources */ = {isa = PBXBuildFile; fileRef = EF57ADC714E22E550011F001 /* WrappedController.m */; };
		EFE682EE143C1345005ABA32 /* UIKit.framework in Frameworks */ = {isa = PBXBuildFile; fileRef = EFE682ED143C1345005ABA32 /* UIKit.framework */; };
		EFE682F0143C1345005ABA32 /* Foundation.framework in Frameworks */ = {isa = PBXBuildFile; fileRef = EFE682EF143C1345005ABA32 /* Foundation.framework */; };
		EFE682F2143C1345005ABA32 /* CoreGraphics.framework in Frameworks */ = {isa = PBXBuildFile; fileRef = EFE682F1143C1345005ABA32 /* CoreGraphics.framework */; };
		EFE682F8143C1345005ABA32 /* InfoPlist.strings in Resources */ = {isa = PBXBuildFile; fileRef = EFE682F6143C1345005ABA32 /* InfoPlist.strings */; };
		EFE682FA143C1345005ABA32 /* main.m in Sources */ = {isa = PBXBuildFile; fileRef = EFE682F9143C1345005ABA32 /* main.m */; };
		EFE682FE143C1345005ABA32 /* CASAppDelegate.m in Sources */ = {isa = PBXBuildFile; fileRef = EFE682FD143C1345005ABA32 /* CASAppDelegate.m */; };
		EFE68301143C1345005ABA32 /* MainWindow.xib in Resources */ = {isa = PBXBuildFile; fileRef = EFE682FF143C1345005ABA32 /* MainWindow.xib */; };
		EFE68304143C1345005ABA32 /* CASViewController.m in Sources */ = {isa = PBXBuildFile; fileRef = EFE68303143C1345005ABA32 /* CASViewController.m */; };
		EFE68307143C1345005ABA32 /* CASViewController.xib in Resources */ = {isa = PBXBuildFile; fileRef = EFE68305143C1345005ABA32 /* CASViewController.xib */; };
		EFF74AE314E6333B00BD0B11 /* Default.png in Resources */ = {isa = PBXBuildFile; fileRef = EFF74AE214E6333B00BD0B11 /* Default.png */; };
		EFF74AE614E6334000BD0B11 /* Default@2x.png in Resources */ = {isa = PBXBuildFile; fileRef = EFF74AE514E6333F00BD0B11 /* Default@2x.png */; };
		EFF74AEA14E634E900BD0B11 /* img_nav_bar_bg.png in Resources */ = {isa = PBXBuildFile; fileRef = EFF74AE814E634E900BD0B11 /* img_nav_bar_bg.png */; };
		EFF74AEB14E634E900BD0B11 /* img_tab_bar_0.png in Resources */ = {isa = PBXBuildFile; fileRef = EFF74AE914E634E900BD0B11 /* img_tab_bar_0.png */; };
		EFF74AEE14E6369100BD0B11 /* img_tab_bar_1.png in Resources */ = {isa = PBXBuildFile; fileRef = EFF74AEC14E6369100BD0B11 /* img_tab_bar_1.png */; };
		EFF74AEF14E6369100BD0B11 /* img_tab_bar_2.png in Resources */ = {isa = PBXBuildFile; fileRef = EFF74AED14E6369100BD0B11 /* img_tab_bar_2.png */; };
		EFF74AF314E6382900BD0B11 /* PlotsViewController.m in Sources */ = {isa = PBXBuildFile; fileRef = EFF74AF114E6382900BD0B11 /* PlotsViewController.m */; };
		EFF74AF414E6382900BD0B11 /* PlotsViewController.xib in Resources */ = {isa = PBXBuildFile; fileRef = EFF74AF214E6382900BD0B11 /* PlotsViewController.xib */; };
		EFF74AF814E6386600BD0B11 /* FractalViewController.m in Sources */ = {isa = PBXBuildFile; fileRef = EFF74AF614E6386600BD0B11 /* FractalViewController.m */; };
		EFF74AF914E6386600BD0B11 /* FractalViewController.xib in Resources */ = {isa = PBXBuildFile; fileRef = EFF74AF714E6386600BD0B11 /* FractalViewController.xib */; };
		EFF74B0314E63B0100BD0B11 /* SCAppUtils.m in Sources */ = {isa = PBXBuildFile; fileRef = EFF74AFC14E63B0100BD0B11 /* SCAppUtils.m */; };
		EFF74B0414E63B0100BD0B11 /* SCClassUtils.m in Sources */ = {isa = PBXBuildFile; fileRef = EFF74AFE14E63B0100BD0B11 /* SCClassUtils.m */; };
		EFF74B0514E63B0100BD0B11 /* SwizzleMasterViewController.m in Sources */ = {isa = PBXBuildFile; fileRef = EFF74B0014E63B0100BD0B11 /* SwizzleMasterViewController.m */; };
		EFF74B0614E63B0100BD0B11 /* UINavigationBar+SCBackgroundImage.m in Sources */ = {isa = PBXBuildFile; fileRef = EFF74B0214E63B0100BD0B11 /* UINavigationBar+SCBackgroundImage.m */; };
		EFF74B1514E63CC400BD0B11 /* JJView.m in Sources */ = {isa = PBXBuildFile; fileRef = EFF74B1414E63CC400BD0B11 /* JJView.m */; };
/* End PBXBuildFile section */

/* Begin PBXFileReference section */
		EF24572A14DC680300F13F52 /* libmathomatic_iphonesimulator.a */ = {isa = PBXFileReference; lastKnownFileType = archive.ar; path = libmathomatic_iphonesimulator.a; sourceTree = "<group>"; };
		EF24572B14DC680300F13F52 /* libmathomatic_iphone.a */ = {isa = PBXFileReference; lastKnownFileType = archive.ar; path = libmathomatic_iphone.a; sourceTree = "<group>"; };
		EF24572E14DC681300F13F52 /* mathomatic.h */ = {isa = PBXFileReference; fileEncoding = 4; lastKnownFileType = sourcecode.c.h; path = mathomatic.h; sourceTree = "<group>"; };
		EF24EAFA14CA04DF00EC7EB8 /* MathOperation.h */ = {isa = PBXFileReference; fileEncoding = 4; lastKnownFileType = sourcecode.c.h; path = MathOperation.h; sourceTree = "<group>"; };
		EF24EAFB14CA04DF00EC7EB8 /* MathOperation.m */ = {isa = PBXFileReference; fileEncoding = 4; lastKnownFileType = sourcecode.c.objc; path = MathOperation.m; sourceTree = "<group>"; };
		EF57ADB014E227E30011F001 /* CASEntryTableViewController.h */ = {isa = PBXFileReference; fileEncoding = 4; lastKnownFileType = sourcecode.c.h; path = CASEntryTableViewController.h; sourceTree = "<group>"; };
		EF57ADB114E227E30011F001 /* CASEntryTableViewController.m */ = {isa = PBXFileReference; fileEncoding = 4; lastKnownFileType = sourcecode.c.objc; path = CASEntryTableViewController.m; sourceTree = "<group>"; };
		EF57ADB214E227E30011F001 /* CASEntryTableViewController.xib */ = {isa = PBXFileReference; fileEncoding = 4; lastKnownFileType = file.xib; path = CASEntryTableViewController.xib; sourceTree = "<group>"; };
		EF57ADB614E229E60011F001 /* UIColor+Hex.h */ = {isa = PBXFileReference; fileEncoding = 4; lastKnownFileType = sourcecode.c.h; path = "UIColor+Hex.h"; sourceTree = "<group>"; };
		EF57ADB714E229E60011F001 /* UIColor+Hex.m */ = {isa = PBXFileReference; fileEncoding = 4; lastKnownFileType = sourcecode.c.objc; path = "UIColor+Hex.m"; sourceTree = "<group>"; };
		EF57ADC414E22E550011F001 /* IIViewDeckController.h */ = {isa = PBXFileReference; fileEncoding = 4; lastKnownFileType = sourcecode.c.h; path = IIViewDeckController.h; sourceTree = "<group>"; };
		EF57ADC514E22E550011F001 /* IIViewDeckController.m */ = {isa = PBXFileReference; fileEncoding = 4; lastKnownFileType = sourcecode.c.objc; path = IIViewDeckController.m; sourceTree = "<group>"; };
		EF57ADC614E22E550011F001 /* WrappedController.h */ = {isa = PBXFileReference; fileEncoding = 4; lastKnownFileType = sourcecode.c.h; path = WrappedController.h; sourceTree = "<group>"; };
		EF57ADC714E22E550011F001 /* WrappedController.m */ = {isa = PBXFileReference; fileEncoding = 4; lastKnownFileType = sourcecode.c.objc; path = WrappedController.m; sourceTree = "<group>"; };
		EFE682E9143C1345005ABA32 /* CAS.app */ = {isa = PBXFileReference; explicitFileType = wrapper.application; includeInIndex = 0; path = CAS.app; sourceTree = BUILT_PRODUCTS_DIR; };
		EFE682ED143C1345005ABA32 /* UIKit.framework */ = {isa = PBXFileReference; lastKnownFileType = wrapper.framework; name = UIKit.framework; path = System/Library/Frameworks/UIKit.framework; sourceTree = SDKROOT; };
		EFE682EF143C1345005ABA32 /* Foundation.framework */ = {isa = PBXFileReference; lastKnownFileType = wrapper.framework; name = Foundation.framework; path = System/Library/Frameworks/Foundation.framework; sourceTree = SDKROOT; };
		EFE682F1143C1345005ABA32 /* CoreGraphics.framework */ = {isa = PBXFileReference; lastKnownFileType = wrapper.framework; name = CoreGraphics.framework; path = System/Library/Frameworks/CoreGraphics.framework; sourceTree = SDKROOT; };
		EFE682F5143C1345005ABA32 /* CAS-Info.plist */ = {isa = PBXFileReference; lastKnownFileType = text.plist.xml; path = "CAS-Info.plist"; sourceTree = "<group>"; };
		EFE682F7143C1345005ABA32 /* en */ = {isa = PBXFileReference; lastKnownFileType = text.plist.strings; name = en; path = en.lproj/InfoPlist.strings; sourceTree = "<group>"; };
		EFE682F9143C1345005ABA32 /* main.m */ = {isa = PBXFileReference; lastKnownFileType = sourcecode.c.objc; path = main.m; sourceTree = "<group>"; };
		EFE682FB143C1345005ABA32 /* CAS-Prefix.pch */ = {isa = PBXFileReference; lastKnownFileType = sourcecode.c.h; path = "CAS-Prefix.pch"; sourceTree = "<group>"; };
		EFE682FC143C1345005ABA32 /* CASAppDelegate.h */ = {isa = PBXFileReference; lastKnownFileType = sourcecode.c.h; path = CASAppDelegate.h; sourceTree = "<group>"; };
		EFE682FD143C1345005ABA32 /* CASAppDelegate.m */ = {isa = PBXFileReference; lastKnownFileType = sourcecode.c.objc; path = CASAppDelegate.m; sourceTree = "<group>"; };
		EFE68300143C1345005ABA32 /* en */ = {isa = PBXFileReference; lastKnownFileType = file.xib; name = en; path = en.lproj/MainWindow.xib; sourceTree = "<group>"; };
		EFE68302143C1345005ABA32 /* CASViewController.h */ = {isa = PBXFileReference; lastKnownFileType = sourcecode.c.h; path = CASViewController.h; sourceTree = "<group>"; };
		EFE68303143C1345005ABA32 /* CASViewController.m */ = {isa = PBXFileReference; lastKnownFileType = sourcecode.c.objc; path = CASViewController.m; sourceTree = "<group>"; };
		EFE68306143C1345005ABA32 /* en */ = {isa = PBXFileReference; lastKnownFileType = file.xib; name = en; path = en.lproj/CASViewController.xib; sourceTree = "<group>"; };
		EFF74AE214E6333B00BD0B11 /* Default.png */ = {isa = PBXFileReference; lastKnownFileType = image.png; path = Default.png; sourceTree = "<group>"; };
		EFF74AE514E6333F00BD0B11 /* Default@2x.png */ = {isa = PBXFileReference; lastKnownFileType = image.png; path = "Default@2x.png"; sourceTree = "<group>"; };
		EFF74AE814E634E900BD0B11 /* img_nav_bar_bg.png */ = {isa = PBXFileReference; lastKnownFileType = image.png; path = img_nav_bar_bg.png; sourceTree = "<group>"; };
		EFF74AE914E634E900BD0B11 /* img_tab_bar_0.png */ = {isa = PBXFileReference; lastKnownFileType = image.png; path = img_tab_bar_0.png; sourceTree = "<group>"; };
		EFF74AEC14E6369100BD0B11 /* img_tab_bar_1.png */ = {isa = PBXFileReference; lastKnownFileType = image.png; path = img_tab_bar_1.png; sourceTree = "<group>"; };
		EFF74AED14E6369100BD0B11 /* img_tab_bar_2.png */ = {isa = PBXFileReference; lastKnownFileType = image.png; path = img_tab_bar_2.png; sourceTree = "<group>"; };
		EFF74AF014E6382900BD0B11 /* PlotsViewController.h */ = {isa = PBXFileReference; fileEncoding = 4; lastKnownFileType = sourcecode.c.h; path = PlotsViewController.h; sourceTree = "<group>"; };
		EFF74AF114E6382900BD0B11 /* PlotsViewController.m */ = {isa = PBXFileReference; fileEncoding = 4; lastKnownFileType = sourcecode.c.objc; path = PlotsViewController.m; sourceTree = "<group>"; };
		EFF74AF214E6382900BD0B11 /* PlotsViewController.xib */ = {isa = PBXFileReference; fileEncoding = 4; lastKnownFileType = file.xib; path = PlotsViewController.xib; sourceTree = "<group>"; };
		EFF74AF514E6386600BD0B11 /* FractalViewController.h */ = {isa = PBXFileReference; fileEncoding = 4; lastKnownFileType = sourcecode.c.h; path = FractalViewController.h; sourceTree = "<group>"; };
		EFF74AF614E6386600BD0B11 /* FractalViewController.m */ = {isa = PBXFileReference; fileEncoding = 4; lastKnownFileType = sourcecode.c.objc; path = FractalViewController.m; sourceTree = "<group>"; };
		EFF74AF714E6386600BD0B11 /* FractalViewController.xib */ = {isa = PBXFileReference; fileEncoding = 4; lastKnownFileType = file.xib; path = FractalViewController.xib; sourceTree = "<group>"; };
		EFF74AFB14E63B0100BD0B11 /* SCAppUtils.h */ = {isa = PBXFileReference; fileEncoding = 4; lastKnownFileType = sourcecode.c.h; path = SCAppUtils.h; sourceTree = "<group>"; };
		EFF74AFC14E63B0100BD0B11 /* SCAppUtils.m */ = {isa = PBXFileReference; fileEncoding = 4; lastKnownFileType = sourcecode.c.objc; path = SCAppUtils.m; sourceTree = "<group>"; };
		EFF74AFD14E63B0100BD0B11 /* SCClassUtils.h */ = {isa = PBXFileReference; fileEncoding = 4; lastKnownFileType = sourcecode.c.h; path = SCClassUtils.h; sourceTree = "<group>"; };
		EFF74AFE14E63B0100BD0B11 /* SCClassUtils.m */ = {isa = PBXFileReference; fileEncoding = 4; lastKnownFileType = sourcecode.c.objc; path = SCClassUtils.m; sourceTree = "<group>"; };
		EFF74AFF14E63B0100BD0B11 /* SwizzleMasterViewController.h */ = {isa = PBXFileReference; fileEncoding = 4; lastKnownFileType = sourcecode.c.h; path = SwizzleMasterViewController.h; sourceTree = "<group>"; };
		EFF74B0014E63B0100BD0B11 /* SwizzleMasterViewController.m */ = {isa = PBXFileReference; fileEncoding = 4; lastKnownFileType = sourcecode.c.objc; path = SwizzleMasterViewController.m; sourceTree = "<group>"; };
		EFF74B0114E63B0100BD0B11 /* UINavigationBar+SCBackgroundImage.h */ = {isa = PBXFileReference; fileEncoding = 4; lastKnownFileType = sourcecode.c.h; path = "UINavigationBar+SCBackgroundImage.h"; sourceTree = "<group>"; };
		EFF74B0214E63B0100BD0B11 /* UINavigationBar+SCBackgroundImage.m */ = {isa = PBXFileReference; fileEncoding = 4; lastKnownFileType = sourcecode.c.objc; path = "UINavigationBar+SCBackgroundImage.m"; sourceTree = "<group>"; };
		EFF74B1314E63CC400BD0B11 /* JJView.h */ = {isa = PBXFileReference; fileEncoding = 4; lastKnownFileType = sourcecode.c.h; path = JJView.h; sourceTree = "<group>"; };
		EFF74B1414E63CC400BD0B11 /* JJView.m */ = {isa = PBXFileReference; fileEncoding = 4; lastKnownFileType = sourcecode.c.objc; path = JJView.m; sourceTree = "<group>"; };
/* End PBXFileReference section */

/* Begin PBXFrameworksBuildPhase section */
		EFE682E6143C1344005ABA32 /* Frameworks */ = {
			isa = PBXFrameworksBuildPhase;
			buildActionMask = 2147483647;
			files = (
				EFE682EE143C1345005ABA32 /* UIKit.framework in Frameworks */,
				EFE682F0143C1345005ABA32 /* Foundation.framework in Frameworks */,
				EFE682F2143C1345005ABA32 /* CoreGraphics.framework in Frameworks */,
				EF24572C14DC680300F13F52 /* libmathomatic_iphonesimulator.a in Frameworks */,
				EF24572D14DC680300F13F52 /* libmathomatic_iphone.a in Frameworks */,
			);
			runOnlyForDeploymentPostprocessing = 0;
		};
/* End PBXFrameworksBuildPhase section */

/* Begin PBXGroup section */
		EF24572814DC67F000F13F52 /* Mathomatic */ = {
			isa = PBXGroup;
			children = (
				EF24572E14DC681300F13F52 /* mathomatic.h */,
				EF24572A14DC680300F13F52 /* libmathomatic_iphonesimulator.a */,
				EF24572B14DC680300F13F52 /* libmathomatic_iphone.a */,
			);
			name = Mathomatic;
			sourceTree = "<group>";
		};
		EF57ADC314E22E420011F001 /* ViewDeck */ = {
			isa = PBXGroup;
			children = (
				EF57ADC414E22E550011F001 /* IIViewDeckController.h */,
				EF57ADC514E22E550011F001 /* IIViewDeckController.m */,
				EF57ADC614E22E550011F001 /* WrappedController.h */,
				EF57ADC714E22E550011F001 /* WrappedController.m */,
			);
			name = ViewDeck;
			sourceTree = "<group>";
		};
		EFE682DE143C1344005ABA32 = {
			isa = PBXGroup;
			children = (
				EFF74AE714E634CC00BD0B11 /* Resources */,
				EFF74AE514E6333F00BD0B11 /* Default@2x.png */,
				EFF74AE214E6333B00BD0B11 /* Default.png */,
				EFE682F3143C1345005ABA32 /* CAS */,
				EFE682EC143C1345005ABA32 /* Frameworks */,
				EFE682EA143C1345005ABA32 /* Products */,
			);
			sourceTree = "<group>";
		};
		EFE682EA143C1345005ABA32 /* Products */ = {
			isa = PBXGroup;
			children = (
				EFE682E9143C1345005ABA32 /* CAS.app */,
			);
			name = Products;
			sourceTree = "<group>";
		};
		EFE682EC143C1345005ABA32 /* Frameworks */ = {
			isa = PBXGroup;
			children = (
				EF24572814DC67F000F13F52 /* Mathomatic */,
				EFE682ED143C1345005ABA32 /* UIKit.framework */,
				EFE682EF143C1345005ABA32 /* Foundation.framework */,
				EFE682F1143C1345005ABA32 /* CoreGraphics.framework */,
			);
			name = Frameworks;
			sourceTree = "<group>";
		};
		EFE682F3143C1345005ABA32 /* CAS */ = {
			isa = PBXGroup;
			children = (
				EFF74AFA14E63AE000BD0B11 /* Swizzle */,
				EF57ADC314E22E420011F001 /* ViewDeck */,
				EFE682FC143C1345005ABA32 /* CASAppDelegate.h */,
				EFE682FD143C1345005ABA32 /* CASAppDelegate.m */,
				EFE682FF143C1345005ABA32 /* MainWindow.xib */,
				EFE68302143C1345005ABA32 /* CASViewController.h */,
				EFE68303143C1345005ABA32 /* CASViewController.m */,
				EFE68305143C1345005ABA32 /* CASViewController.xib */,
				EFE682F4143C1345005ABA32 /* Supporting Files */,
				EF24EAFA14CA04DF00EC7EB8 /* MathOperation.h */,
				EF24EAFB14CA04DF00EC7EB8 /* MathOperation.m */,
				EF57ADB014E227E30011F001 /* CASEntryTableViewController.h */,
				EF57ADB114E227E30011F001 /* CASEntryTableViewController.m */,
				EF57ADB214E227E30011F001 /* CASEntryTableViewController.xib */,
				EFF74AF014E6382900BD0B11 /* PlotsViewController.h */,
				EFF74AF114E6382900BD0B11 /* PlotsViewController.m */,
				EFF74AF214E6382900BD0B11 /* PlotsViewController.xib */,
				EFF74AF514E6386600BD0B11 /* FractalViewController.h */,
				EFF74AF614E6386600BD0B11 /* FractalViewController.m */,
				EFF74AF714E6386600BD0B11 /* FractalViewController.xib */,
			);
			path = CAS;
			sourceTree = "<group>";
		};
		EFE682F4143C1345005ABA32 /* Supporting Files */ = {
			isa = PBXGroup;
			children = (
				EF57ADB614E229E60011F001 /* UIColor+Hex.h */,
				EF57ADB714E229E60011F001 /* UIColor+Hex.m */,
				EFE682F5143C1345005ABA32 /* CAS-Info.plist */,
				EFE682F6143C1345005ABA32 /* InfoPlist.strings */,
				EFE682F9143C1345005ABA32 /* main.m */,
				EFE682FB143C1345005ABA32 /* CAS-Prefix.pch */,
			);
			name = "Supporting Files";
			sourceTree = "<group>";
		};
		EFF74AE714E634CC00BD0B11 /* Resources */ = {
			isa = PBXGroup;
			children = (
				EFF74AE814E634E900BD0B11 /* img_nav_bar_bg.png */,
				EFF74AE914E634E900BD0B11 /* img_tab_bar_0.png */,
				EFF74AEC14E6369100BD0B11 /* img_tab_bar_1.png */,
				EFF74AED14E6369100BD0B11 /* img_tab_bar_2.png */,
			);
			name = Resources;
			sourceTree = "<group>";
		};
		EFF74AFA14E63AE000BD0B11 /* Swizzle */ = {
			isa = PBXGroup;
			children = (
				EFF74B1314E63CC400BD0B11 /* JJView.h */,
				EFF74B1414E63CC400BD0B11 /* JJView.m */,
				EFF74AFB14E63B0100BD0B11 /* SCAppUtils.h */,
				EFF74AFC14E63B0100BD0B11 /* SCAppUtils.m */,
				EFF74AFD14E63B0100BD0B11 /* SCClassUtils.h */,
				EFF74AFE14E63B0100BD0B11 /* SCClassUtils.m */,
				EFF74AFF14E63B0100BD0B11 /* SwizzleMasterViewController.h */,
				EFF74B0014E63B0100BD0B11 /* SwizzleMasterViewController.m */,
				EFF74B0114E63B0100BD0B11 /* UINavigationBar+SCBackgroundImage.h */,
				EFF74B0214E63B0100BD0B11 /* UINavigationBar+SCBackgroundImage.m */,
			);
			name = Swizzle;
			sourceTree = "<group>";
		};
/* End PBXGroup section */

/* Begin PBXNativeTarget section */
		EFE682E8143C1344005ABA32 /* CAS */ = {
			isa = PBXNativeTarget;
			buildConfigurationList = EFE6830A143C1345005ABA32 /* Build configuration list for PBXNativeTarget "CAS" */;
			buildPhases = (
				EFE682E5143C1344005ABA32 /* Sources */,
				EFE682E6143C1344005ABA32 /* Frameworks */,
				EFE682E7143C1344005ABA32 /* Resources */,
			);
			buildRules = (
			);
			dependencies = (
			);
			name = CAS;
			productName = CAS;
			productReference = EFE682E9143C1345005ABA32 /* CAS.app */;
			productType = "com.apple.product-type.application";
		};
/* End PBXNativeTarget section */

/* Begin PBXProject section */
		EFE682E0143C1344005ABA32 /* Project object */ = {
			isa = PBXProject;
			attributes = {
				LastUpgradeCheck = 0420;
			};
			buildConfigurationList = EFE682E3143C1344005ABA32 /* Build configuration list for PBXProject "CAS" */;
			compatibilityVersion = "Xcode 3.2";
			developmentRegion = English;
			hasScannedForEncodings = 0;
			knownRegions = (
				en,
			);
			mainGroup = EFE682DE143C1344005ABA32;
			productRefGroup = EFE682EA143C1345005ABA32 /* Products */;
			projectDirPath = "";
			projectRoot = "";
			targets = (
				EFE682E8143C1344005ABA32 /* CAS */,
			);
		};
/* End PBXProject section */

/* Begin PBXResourcesBuildPhase section */
		EFE682E7143C1344005ABA32 /* Resources */ = {
			isa = PBXResourcesBuildPhase;
			buildActionMask = 2147483647;
			files = (
				EFE682F8143C1345005ABA32 /* InfoPlist.strings in Resources */,
				EFE68301143C1345005ABA32 /* MainWindow.xib in Resources */,
				EFE68307143C1345005ABA32 /* CASViewController.xib in Resources */,
				EF57ADB414E227E30011F001 /* CASEntryTableViewController.xib in Resources */,
				EFF74AE314E6333B00BD0B11 /* Default.png in Resources */,
				EFF74AE614E6334000BD0B11 /* Default@2x.png in Resources */,
				EFF74AEA14E634E900BD0B11 /* img_nav_bar_bg.png in Resources */,
				EFF74AEB14E634E900BD0B11 /* img_tab_bar_0.png in Resources */,
				EFF74AEE14E6369100BD0B11 /* img_tab_bar_1.png in Resources */,
				EFF74AEF14E6369100BD0B11 /* img_tab_bar_2.png in Resources */,
				EFF74AF414E6382900BD0B11 /* PlotsViewController.xib in Resources */,
				EFF74AF914E6386600BD0B11 /* FractalViewController.xib in Resources */,
			);
			runOnlyForDeploymentPostprocessing = 0;
		};
/* End PBXResourcesBuildPhase section */

/* Begin PBXSourcesBuildPhase section */
		EFE682E5143C1344005ABA32 /* Sources */ = {
			isa = PBXSourcesBuildPhase;
			buildActionMask = 2147483647;
			files = (
				EFE682FA143C1345005ABA32 /* main.m in Sources */,
				EFE682FE143C1345005ABA32 /* CASAppDelegate.m in Sources */,
				EFE68304143C1345005ABA32 /* CASViewController.m in Sources */,
				EF24EAFC14CA04DF00EC7EB8 /* MathOperation.m in Sources */,
				EF57ADB314E227E30011F001 /* CASEntryTableViewController.m in Sources */,
				EF57ADB814E229E60011F001 /* UIColor+Hex.m in Sources */,
				EF57ADC814E22E550011F001 /* IIViewDeckController.m in Sources */,
				EF57ADC914E22E550011F001 /* WrappedController.m in Sources */,
				EFF74AF314E6382900BD0B11 /* PlotsViewController.m in Sources */,
				EFF74AF814E6386600BD0B11 /* FractalViewController.m in Sources */,
				EFF74B0314E63B0100BD0B11 /* SCAppUtils.m in Sources */,
				EFF74B0414E63B0100BD0B11 /* SCClassUtils.m in Sources */,
				EFF74B0514E63B0100BD0B11 /* SwizzleMasterViewController.m in Sources */,
				EFF74B0614E63B0100BD0B11 /* UINavigationBar+SCBackgroundImage.m in Sources */,
				EFF74B1514E63CC400BD0B11 /* JJView.m in Sources */,
			);
			runOnlyForDeploymentPostprocessing = 0;
		};
/* End PBXSourcesBuildPhase section */

/* Begin PBXVariantGroup section */
		EFE682F6143C1345005ABA32 /* InfoPlist.strings */ = {
			isa = PBXVariantGroup;
			children = (
				EFE682F7143C1345005ABA32 /* en */,
			);
			name = InfoPlist.strings;
			sourceTree = "<group>";
		};
		EFE682FF143C1345005ABA32 /* MainWindow.xib */ = {
			isa = PBXVariantGroup;
			children = (
				EFE68300143C1345005ABA32 /* en */,
			);
			name = MainWindow.xib;
			sourceTree = "<group>";
		};
		EFE68305143C1345005ABA32 /* CASViewController.xib */ = {
			isa = PBXVariantGroup;
			children = (
				EFE68306143C1345005ABA32 /* en */,
			);
			name = CASViewController.xib;
			sourceTree = "<group>";
		};
/* End PBXVariantGroup section */

/* Begin XCBuildConfiguration section */
		EFE68308143C1345005ABA32 /* Debug */ = {
			isa = XCBuildConfiguration;
			buildSettings = {
				ALWAYS_SEARCH_USER_PATHS = NO;
				ARCHS = "$(ARCHS_STANDARD_32_BIT)";
				"CODE_SIGN_IDENTITY[sdk=iphoneos*]" = "iPhone Developer";
				COPY_PHASE_STRIP = NO;
				GCC_C_LANGUAGE_STANDARD = gnu99;
				GCC_DYNAMIC_NO_PIC = NO;
				GCC_OPTIMIZATION_LEVEL = 0;
				GCC_PREPROCESSOR_DEFINITIONS = (
					"DEBUG=1",
					"$(inherited)",
				);
				GCC_SYMBOLS_PRIVATE_EXTERN = NO;
				GCC_VERSION = com.apple.compilers.llvm.clang.1_0;
				GCC_WARN_ABOUT_MISSING_PROTOTYPES = YES;
				GCC_WARN_ABOUT_RETURN_TYPE = YES;
				GCC_WARN_UNUSED_VARIABLE = YES;
				HEADER_SEARCH_PATHS = /Users/jdjennin/Programming/CAS/;
				IPHONEOS_DEPLOYMENT_TARGET = 4.3;
				ONLY_ACTIVE_ARCH = YES;
				OTHER_LDFLAGS = (
					"-lmathomatic",
					"-lm",
				);
				SDKROOT = iphoneos;
			};
			name = Debug;
		};
		EFE68309143C1345005ABA32 /* Release */ = {
			isa = XCBuildConfiguration;
			buildSettings = {
				ALWAYS_SEARCH_USER_PATHS = NO;
				ARCHS = "$(ARCHS_STANDARD_32_BIT)";
				"CODE_SIGN_IDENTITY[sdk=iphoneos*]" = "iPhone Developer";
				COPY_PHASE_STRIP = YES;
				GCC_C_LANGUAGE_STANDARD = gnu99;
				GCC_VERSION = com.apple.compilers.llvm.clang.1_0;
				GCC_WARN_ABOUT_MISSING_PROTOTYPES = YES;
				GCC_WARN_ABOUT_RETURN_TYPE = YES;
				GCC_WARN_UNUSED_VARIABLE = YES;
				HEADER_SEARCH_PATHS = /Users/jdjennin/Programming/CAS/;
				IPHONEOS_DEPLOYMENT_TARGET = 4.3;
				ONLY_ACTIVE_ARCH = YES;
				OTHER_CFLAGS = "-DNS_BLOCK_ASSERTIONS=1";
				OTHER_LDFLAGS = (
					"-lmathomatic",
					"-lm",
				);
				SDKROOT = iphoneos;
				VALIDATE_PRODUCT = YES;
			};
			name = Release;
		};
		EFE6830B143C1345005ABA32 /* Debug */ = {
			isa = XCBuildConfiguration;
			buildSettings = {
				GCC_PRECOMPILE_PREFIX_HEADER = YES;
				GCC_PREFIX_HEADER = "CAS/CAS-Prefix.pch";
				GCC_VERSION = com.apple.compilers.llvm.clang.1_0;
				HEADER_SEARCH_PATHS = (
					"/Users/jdjennin/Downloads/mathomatic-15.6.5/**",
					/Users/jdjennin/Programming/CAS,
				);
				INFOPLIST_FILE = "CAS/CAS-Info.plist";
				LIBRARY_SEARCH_PATHS = (
					"$(inherited)",
					"\"$(SRCROOT)\"",
					"\"$(SRCROOT)/CAS\"",
				);
				ONLY_ACTIVE_ARCH = YES;
				OTHER_LDFLAGS = (
					"-lmathomatic_iphone",
					"-lmathomatic_iphonesimulator",
					"-lm",
				);
				PRODUCT_NAME = "$(TARGET_NAME)";
				VALID_ARCHS = "i386 armv6 armv7";
				WRAPPER_EXTENSION = app;
			};
			name = Debug;
		};
		EFE6830C143C1345005ABA32 /* Release */ = {
			isa = XCBuildConfiguration;
			buildSettings = {
				GCC_PRECOMPILE_PREFIX_HEADER = YES;
				GCC_PREFIX_HEADER = "CAS/CAS-Prefix.pch";
				GCC_VERSION = com.apple.compilers.llvm.clang.1_0;
				HEADER_SEARCH_PATHS = (
					"/Users/jdjennin/Downloads/mathomatic-15.6.5/**",
					/Users/jdjennin/Programming/CAS,
				);
				INFOPLIST_FILE = "CAS/CAS-Info.plist";
				LIBRARY_SEARCH_PATHS = (
					"$(inherited)",
					"\"$(SRCROOT)\"",
					"\"$(SRCROOT)/CAS\"",
				);
				ONLY_ACTIVE_ARCH = YES;
				OTHER_LDFLAGS = (
					"-lmathomatic_iphone",
					"-lmathomatic_iphonesimulator",
					"-lm",
				);
				PRODUCT_NAME = "$(TARGET_NAME)";
				VALID_ARCHS = "i386 armv6 armv7";
				WRAPPER_EXTENSION = app;
			};
			name = Release;
		};
/* End XCBuildConfiguration section */

/* Begin XCConfigurationList section */
		EFE682E3143C1344005ABA32 /* Build configuration list for PBXProject "CAS" */ = {
			isa = XCConfigurationList;
			buildConfigurations = (
				EFE68308143C1345005ABA32 /* Debug */,
				EFE68309143C1345005ABA32 /* Release */,
			);
			defaultConfigurationIsVisible = 0;
			defaultConfigurationName = Release;
		};
		EFE6830A143C1345005ABA32 /* Build configuration list for PBXNativeTarget "CAS" */ = {
			isa = XCConfigurationList;
			buildConfigurations = (
				EFE6830B143C1345005ABA32 /* Debug */,
				EFE6830C143C1345005ABA32 /* Release */,
			);
			defaultConfigurationIsVisible = 0;
			defaultConfigurationName = Release;
		};
/* End XCConfigurationList section */
	};
	rootObject = EFE682E0143C1344005ABA32 /* Project object */;
}
